{
  "name": "coedit-peer",
  "lockfileVersion": 3,
  "requires": true,
  "packages": {
    "": {
      "name": "coedit-peer",
      "dependencies": {
        "diff-match-patch": "^1.0.5",
        "ws": "^8.18.0",
        "y-partyserver": "^2.2.0",
        "yjs": "^13.6.31"
      }
    },
    "node_modules/@cloudflare/workers-types": {
      "version": "4.20260702.1",
      "resolved": "https://registry.npmjs.org/@cloudflare/workers-types/-/workers-types-4.20260702.1.tgz",
      "integrity": "sha512-mOhf5TUEB1m2vPrxtqoIGfz0fUC9xyxRDx5gWHy5s+OCo6dcV+g7wI1R7gYCMFohhqF/2y2xeKVwMwCJjfn/WA==",
      "license": "MIT OR Apache-2.0",
      "peer": true
    },
    "node_modules/diff-match-patch": {
      "version": "1.0.5",
      "resolved": "https://registry.npmjs.org/diff-match-patch/-/diff-match-patch-1.0.5.tgz",
      "integrity": "sha512-IayShXAgj/QMXgB0IWmKx+rOPuGMhqm5w6jvFxmVenXKIzRqTAAsbBPT3kWQeGANj3jGgvcvv4yK6SxqYmikgw==",
      "license": "Apache-2.0"
    },
    "node_modules/isomorphic.js": {
      "version": "0.2.5",
      "resolved": "https://registry.npmjs.org/isomorphic.js/-/isomorphic.js-0.2.5.tgz",
      "integrity": "sha512-PIeMbHqMt4DnUP3MA/Flc0HElYjMXArsw1qwJZcm9sqR8mq3l8NYizFMty0pWwE/tzIGH3EKK5+jes5mAr85yw==",
      "license": "MIT",
      "funding": {
        "type": "GitHub Sponsors ❤",
        "url": "https://github.com/sponsors/dmonad"
      }
    },
    "node_modules/lib0": {
      "version": "0.2.117",
      "resolved": "https://registry.npmjs.org/lib0/-/lib0-0.2.117.tgz",
      "integrity": "sha512-DeXj9X5xDCjgKLU/7RR+/HQEVzuuEUiwldwOGsHK/sfAfELGWEyTcf0x+uOvCvK3O2zPmZePXWL85vtia6GyZw==",
      "license": "MIT",
      "dependencies": {
        "isomorphic.js": "^0.2.4"
      },
      "bin": {
        "0ecdsa-generate-keypair": "bin/0ecdsa-generate-keypair.js",
        "0gentesthtml": "bin/gentesthtml.js",
        "0serve": "bin/0serve.js"
      },
      "engines": {
        "node": ">=16"
      },
      "funding": {
        "type": "GitHub Sponsors ❤",
        "url": "https://github.com/sponsors/dmonad"
      }
    },
    "node_modules/lodash.debounce": {
      "version": "4.0.8",
      "resolved": "https://registry.npmjs.org/lodash.debounce/-/lodash.debounce-4.0.8.tgz",
      "integrity": "sha512-FT1yDzDYEoYWhnSGnpE/4Kj1fLZkDFyqRb7fNt6FdYOSxlUWAtp42Eh6Wb0rGIv/m9Bgo7x4GhQbm5Ys4SG5ow==",
      "license": "MIT"
    },
    "node_modules/nanoid": {
      "version": "5.1.16",
      "resolved": "https://registry.npmjs.org/nanoid/-/nanoid-5.1.16.tgz",
      "integrity": "sha512-kVrnsrJqMR8+oLJnGEmSWw9BivK5mt7H3FZatVRjrc5wGqFYuBxX1yG7+A7Gi5AefkX6t/oCkizcQgpu0cY1dQ==",
      "funding": [
        {
          "type": "github",
          "url": "https://github.com/sponsors/ai"
        }
      ],
      "license": "MIT",
      "bin": {
        "nanoid": "bin/nanoid.js"
      },
      "engines": {
        "node": "^18 || >=20"
      }
    },
    "node_modules/partyserver": {
      "version": "0.5.8",
      "resolved": "https://registry.npmjs.org/partyserver/-/partyserver-0.5.8.tgz",
      "integrity": "sha512-htgSwiBcBu9zIYLrsxBAOvdkjukHvncbTk0nDrJgfruvZ08rxtEN1Ab4T7j9osykP80Bq3zA2oWFd3ngc4Z9uw==",
      "license": "ISC",
      "peer": true,
      "dependencies": {
        "nanoid": "^5.1.9"
      },
      "peerDependencies": {
        "@cloudflare/workers-types": "^4.20260424.1"
      }
    },
    "node_modules/ws": {
      "version": "8.21.1",
      "resolved": "https://registry.npmjs.org/ws/-/ws-8.21.1.tgz",
      "integrity": "sha512-+0NTnW77fFN/DjQi6k/Sq/Yvk4Sgajw7urW8V+asjXnRgDs9gyGkdb7EzgfhA4goXsRIZKE28fzIXBHEzhuiWw==",
      "license": "MIT",
      "engines": {
        "node": ">=10.0.0"
      },
      "peerDependencies": {
        "bufferutil": "^4.0.1",
        "utf-8-validate": ">=5.0.2"
      },
      "peerDependenciesMeta": {
        "bufferutil": {
          "optional": true
        },
        "utf-8-validate": {
          "optional": true
        }
      }
    },
    "node_modules/y-partyserver": {
      "version": "2.2.0",
      "resolved": "https://registry.npmjs.org/y-partyserver/-/y-partyserver-2.2.0.tgz",
      "integrity": "sha512-AIsTEZ3jPicBe3VHO5c/VdSGSaFr0J9cAGj6+sgRL/RnXLTNSkP3oQXyXf1y8hQNeXv/j9zYDT5NnRv2k1eMGA==",
      "license": "ISC",
      "dependencies": {
        "lib0": "^0.2.117",
        "lodash.debounce": "^4.0.8",
        "nanoid": "^5.1.9",
        "y-protocols": "^1.0.7"
      },
      "peerDependencies": {
        "@cloudflare/workers-types": "^4.20260424.1",
        "partyserver": ">=0.2.0 <1.0.0",
        "yjs": "^13.6.14"
      }
    },
    "node_modules/y-protocols": {
      "version": "1.0.7",
      "resolved": "https://registry.npmjs.org/y-protocols/-/y-protocols-1.0.7.tgz",
      "integrity": "sha512-YSVsLoXxO67J6eE/nV4AtFtT3QEotZf5sK5BHxFBXso7VDUT3Tx07IfA6hsu5Q5OmBdMkQVmFZ9QOA7fikWvnw==",
      "license": "MIT",
      "dependencies": {
        "lib0": "^0.2.85"
      },
      "engines": {
        "node": ">=16.0.0",
        "npm": ">=8.0.0"
      },
      "funding": {
        "type": "GitHub Sponsors ❤",
        "url": "https://github.com/sponsors/dmonad"
      },
      "peerDependencies": {
        "yjs": "^13.0.0"
      }
    },
    "node_modules/yjs": {
      "version": "13.6.31",
      "resolved": "https://registry.npmjs.org/yjs/-/yjs-13.6.31.tgz",
      "integrity": "sha512-Eq+5BRfbeGyqGVrTJL3bEcr8gKkxPuyuoHmAwpk52fDb8kOVMrfVSTRPd6yiGgX5Fskb96qCRjzjbRjrL4YEnw==",
      "license": "MIT",
      "dependencies": {
        "lib0": "^0.2.99"
      },
      "engines": {
        "node": ">=16.0.0",
        "npm": ">=8.0.0"
      },
      "funding": {
        "type": "GitHub Sponsors ❤",
        "url": "https://github.com/sponsors/dmonad"
      }
    }
  }
}
